
Microsoft Visual Studio Solution File, Format Version 12.00
# Visual Studio Version 16
VisualStudioVersion = 16.0.30804.86
MinimumVisualStudioVersion = 10.0.40219.1
Project("{FAE04EC0-301F-11D3-BF4B-00C04F79EFBC}") = "WcfProjektTest", "WcfProjektTest\WcfProjektTest.csproj", "{91E080FA-AC99-49E0-9B56-F7EF026D82C2}"
EndProject
Global
	GlobalSection(SolutionConfigurationPlatforms) = preSolution
		Debug|Any CPU = Debug|Any CPU
		Release|Any CPU = Release|Any CPU
	EndGlobalSection
	GlobalSection(ProjectConfigurationPlatforms) = postSolution
		{91E080FA-AC99-49E0-9B56-F7EF026D82C2}.Debug|Any CPU.ActiveCfg = Debug|Any CPU
		{91E080FA-AC99-49E0-9B56-F7EF026D82C2}.Debug|Any CPU.Build.0 = Debug|Any CPU
		{91E080FA-AC99-49E0-9B56-F7EF026D82C2}.Release|Any CPU.ActiveCfg = Release|Any CPU
		{91E080FA-AC99-49E0-9B56-F7EF026D82C2}.Release|Any CPU.Build.0 = Release|Any CPU
	EndGlobalSection
	GlobalSection(SolutionProperties) = preSolution
		HideSolutionNode = FALSE
	EndGlobalSection
	GlobalSection(ExtensibilityGlobals) = postSolution
		SolutionGuid = {255ACC78-4E54-412B-A083-FEC5FABA33E1}
	EndGlobalSection
EndGlobal
